
Microsoft Visual Studio Solution File, Format Version 12.00
# Visual Studio 15
VisualStudioVersion = 15.0.28307.421
MinimumVisualStudioVersion = 10.0.40219.1
Project("{FAE04EC0-301F-11D3-BF4B-00C04F79EFBC}") = "Web", "Web\Web.csproj", "{B7407F1F-7E1A-452B-B162-9F12D968ED47}"
EndProject
Project("{FAE04EC0-301F-11D3-BF4B-00C04F79EFBC}") = "Resources", "Resources\Resources.csproj", "{6A564CEF-DEBD-4945-A79D-4701FDB34B37}"
EndProject
Project("{FAE04EC0-301F-11D3-BF4B-00C04F79EFBC}") = "Data", "Data\Data.csproj", "{CF2EC87D-3C4F-4831-A449-AA05550909AA}"
EndProject
Global
	GlobalSection(SolutionConfigurationPlatforms) = preSolution
		Debug|Any CPU = Debug|Any CPU
		Release|Any CPU = Release|Any CPU
	EndGlobalSection
	GlobalSection(ProjectConfigurationPlatforms) = postSolution
		{B7407F1F-7E1A-452B-B162-9F12D968ED47}.Debug|Any CPU.ActiveCfg = Debug|Any CPU
		{B7407F1F-7E1A-452B-B162-9F12D968ED47}.Debug|Any CPU.Build.0 = Debug|Any CPU
		{B7407F1F-7E1A-452B-B162-9F12D968ED47}.Release|Any CPU.ActiveCfg = Release|Any CPU
		{B7407F1F-7E1A-452B-B162-9F12D968ED47}.Release|Any CPU.Build.0 = Release|Any CPU
		{6A564CEF-DEBD-4945-A79D-4701FDB34B37}.Debug|Any CPU.ActiveCfg = Debug|Any CPU
		{6A564CEF-DEBD-4945-A79D-4701FDB34B37}.Debug|Any CPU.Build.0 = Debug|Any CPU
		{6A564CEF-DEBD-4945-A79D-4701FDB34B37}.Release|Any CPU.ActiveCfg = Release|Any CPU
		{6A564CEF-DEBD-4945-A79D-4701FDB34B37}.Release|Any CPU.Build.0 = Release|Any CPU
		{CF2EC87D-3C4F-4831-A449-AA05550909AA}.Debug|Any CPU.ActiveCfg = Debug|Any CPU
		{CF2EC87D-3C4F-4831-A449-AA05550909AA}.Debug|Any CPU.Build.0 = Debug|Any CPU
		{CF2EC87D-3C4F-4831-A449-AA05550909AA}.Release|Any CPU.ActiveCfg = Release|Any CPU
		{CF2EC87D-3C4F-4831-A449-AA05550909AA}.Release|Any CPU.Build.0 = Release|Any CPU
	EndGlobalSection
	GlobalSection(SolutionProperties) = preSolution
		HideSolutionNode = FALSE
	EndGlobalSection
	GlobalSection(ExtensibilityGlobals) = postSolution
		SolutionGuid = {F9FDD062-397D-4343-B376-46ACA0FF8CF0}
	EndGlobalSection
EndGlobal
